
Microsoft Visual Studio Solution File, Format Version 12.00
# Visual Studio Version 16
VisualStudioVersion = 16.0.33927.289
MinimumVisualStudioVersion = 10.0.40219.1
Project("{FAE04EC0-301F-11D3-BF4B-00C04F79EFBC}") = "21. Static methods and classes", "21. Static methods and classes\21. Static methods and classes.csproj", "{D6EEB4F8-474F-472A-A560-6843D1B65CAC}"
EndProject
Global
	GlobalSection(SolutionConfigurationPlatforms) = preSolution
		Debug|Any CPU = Debug|Any CPU
		Release|Any CPU = Release|Any CPU
	EndGlobalSection
	GlobalSection(ProjectConfigurationPlatforms) = postSolution
		{D6EEB4F8-474F-472A-A560-6843D1B65CAC}.Debug|Any CPU.ActiveCfg = Debug|Any CPU
		{D6EEB4F8-474F-472A-A560-6843D1B65CAC}.Debug|Any CPU.Build.0 = Debug|Any CPU
		{D6EEB4F8-474F-472A-A560-6843D1B65CAC}.Release|Any CPU.ActiveCfg = Release|Any CPU
		{D6EEB4F8-474F-472A-A560-6843D1B65CAC}.Release|Any CPU.Build.0 = Release|Any CPU
	EndGlobalSection
	GlobalSection(SolutionProperties) = preSolution
		HideSolutionNode = FALSE
	EndGlobalSection
	GlobalSection(ExtensibilityGlobals) = postSolution
		SolutionGuid = {870A267F-7C0E-4195-BCF6-DB9CB516DC63}
	EndGlobalSection
EndGlobal
